// !$*UTF8*$!
{
	archiveVersion = 1;
	classes = {
	};
	objectVersion = 56;
	objects = {

/* Begin PBXBuildFile section */
		117F0E932BD6B66000DAC890 /* VideoCollectionViewController.swift in Sources */ = {isa = PBXBuildFile; fileRef = 117F0E912BD6B65F00DAC890 /* VideoCollectionViewController.swift */; };
		117F0E942BD6B66000DAC890 /* VideoCallCollectionItemCell.swift in Sources */ = {isa = PBXBuildFile; fileRef = 117F0E922BD6B65F00DAC890 /* VideoCallCollectionItemCell.swift */; };
		11B3D75C2BCEC28A003D18DF /* AgoraTokenService.swift in Sources */ = {isa = PBXBuildFile; fileRef = 11B3D75B2BCEC28A003D18DF /* AgoraTokenService.swift */; };
		11B3D75E2BCED171003D18DF /* JoinChannelViewController.swift in Sources */ = {isa = PBXBuildFile; fileRef = 11B3D75D2BCED171003D18DF /* JoinChannelViewController.swift */; };
		11FACFAE2BC6A7BF0097B594 /* AppDelegate.swift in Sources */ = {isa = PBXBuildFile; fileRef = 11FACFAD2BC6A7BF0097B594 /* AppDelegate.swift */; };
		11FACFB02BC6A7BF0097B594 /* SceneDelegate.swift in Sources */ = {isa = PBXBuildFile; fileRef = 11FACFAF2BC6A7BF0097B594 /* SceneDelegate.swift */; };
		11FACFB22BC6A7BF0097B594 /* VideoCallViewController.swift in Sources */ = {isa = PBXBuildFile; fileRef = 11FACFB12BC6A7BF0097B594 /* VideoCallViewController.swift */; };
		11FACFB72BC6A7C00097B594 /* Assets.xcassets in Resources */ = {isa = PBXBuildFile; fileRef = 11FACFB62BC6A7C00097B594 /* Assets.xcassets */; };
		11FACFBA2BC6A7C00097B594 /* Base in Resources */ = {isa = PBXBuildFile; fileRef = 11FACFB92BC6A7C00097B594 /* Base */; };
		11FACFC32BC6C4590097B594 /* RtcBasic in Frameworks */ = {isa = PBXBuildFile; productRef = 11FACFC22BC6C4590097B594 /* RtcBasic */; };
/* End PBXBuildFile section */

/* Begin PBXFileReference section */
		117F0E912BD6B65F00DAC890 /* VideoCollectionViewController.swift */ = {isa = PBXFileReference; fileEncoding = 4; lastKnownFileType = sourcecode.swift; path = VideoCollectionViewController.swift; sourceTree = "<group>"; };
		117F0E922BD6B65F00DAC890 /* VideoCallCollectionItemCell.swift */ = {isa = PBXFileReference; fileEncoding = 4; lastKnownFileType = sourcecode.swift; path = VideoCallCollectionItemCell.swift; sourceTree = "<group>"; };
		11B3D75B2BCEC28A003D18DF /* AgoraTokenService.swift */ = {isa = PBXFileReference; lastKnownFileType = sourcecode.swift; path = AgoraTokenService.swift; sourceTree = "<group>"; };
		11B3D75D2BCED171003D18DF /* JoinChannelViewController.swift */ = {isa = PBXFileReference; lastKnownFileType = sourcecode.swift; path = JoinChannelViewController.swift; sourceTree = "<group>"; };
		11FACFAA2BC6A7BF0097B594 /* Awesome Video Call.app */ = {isa = PBXFileReference; explicitFileType = wrapper.application; includeInIndex = 0; path = "Awesome Video Call.app"; sourceTree = BUILT_PRODUCTS_DIR; };
		11FACFAD2BC6A7BF0097B594 /* AppDelegate.swift */ = {isa = PBXFileReference; lastKnownFileType = sourcecode.swift; path = AppDelegate.swift; sourceTree = "<group>"; };
		11FACFAF2BC6A7BF0097B594 /* SceneDelegate.swift */ = {isa = PBXFileReference; lastKnownFileType = sourcecode.swift; path = SceneDelegate.swift; sourceTree = "<group>"; };
		11FACFB12BC6A7BF0097B594 /* VideoCallViewController.swift */ = {isa = PBXFileReference; lastKnownFileType = sourcecode.swift; path = VideoCallViewController.swift; sourceTree = "<group>"; };
		11FACFB62BC6A7C00097B594 /* Assets.xcassets */ = {isa = PBXFileReference; lastKnownFileType = folder.assetcatalog; path = Assets.xcassets; sourceTree = "<group>"; };
		11FACFB92BC6A7C00097B594 /* Base */ = {isa = PBXFileReference; lastKnownFileType = file.storyboard; name = Base; path = Base.lproj/LaunchScreen.storyboard; sourceTree = "<group>"; };
		11FACFBB2BC6A7C00097B594 /* Info.plist */ = {isa = PBXFileReference; lastKnownFileType = text.plist.xml; path = Info.plist; sourceTree = "<group>"; };
/* End PBXFileReference section */

/* Begin PBXFrameworksBuildPhase section */
		11FACFA72BC6A7BF0097B594 /* Frameworks */ = {
			isa = PBXFrameworksBuildPhase;
			buildActionMask = 2147483647;
			files = (
				11FACFC32BC6C4590097B594 /* RtcBasic in Frameworks */,
			);
			runOnlyForDeploymentPostprocessing = 0;
		};
/* End PBXFrameworksBuildPhase section */

/* Begin PBXGroup section */
		11FACFA12BC6A7BF0097B594 = {
			isa = PBXGroup;
			children = (
				11FACFAC2BC6A7BF0097B594 /* Awesome Video Call */,
				11FACFAB2BC6A7BF0097B594 /* Products */,
			);
			sourceTree = "<group>";
		};
		11FACFAB2BC6A7BF0097B594 /* Products */ = {
			isa = PBXGroup;
			children = (
				11FACFAA2BC6A7BF0097B594 /* Awesome Video Call.app */,
			);
			name = Products;
			sourceTree = "<group>";
		};
		11FACFAC2BC6A7BF0097B594 /* Awesome Video Call */ = {
			isa = PBXGroup;
			children = (
				11FACFAD2BC6A7BF0097B594 /* AppDelegate.swift */,
				11FACFAF2BC6A7BF0097B594 /* SceneDelegate.swift */,
				11FACFB12BC6A7BF0097B594 /* VideoCallViewController.swift */,
				11B3E7AE2BD2C1D400E36369 /* VideoCollectionViewController.swift */,
				11B3E7AC2BD2C1C200E36369 /* VideoCallCollectionItemCell.swift */,
				11B3D75D2BCED171003D18DF /* JoinChannelViewController.swift */,
				11FACFB12BC6A7BF0097B594 /* VideoCallViewController.swift */,
				117F0E922BD6B65F00DAC890 /* VideoCallCollectionItemCell.swift */,
				117F0E912BD6B65F00DAC890 /* VideoCollectionViewController.swift */,
				11B3D75B2BCEC28A003D18DF /* AgoraTokenService.swift */,
				11FACFB62BC6A7C00097B594 /* Assets.xcassets */,
				11FACFB82BC6A7C00097B594 /* LaunchScreen.storyboard */,
				11FACFBB2BC6A7C00097B594 /* Info.plist */,
			);
			path = "Awesome Video Call";
			sourceTree = "<group>";
		};
/* End PBXGroup section */

/* Begin PBXNativeTarget section */
		11FACFA92BC6A7BF0097B594 /* Awesome Video Call */ = {
			isa = PBXNativeTarget;
			buildConfigurationList = 11FACFBE2BC6A7C00097B594 /* Build configuration list for PBXNativeTarget "Awesome Video Call" */;
			buildPhases = (
				11FACFA62BC6A7BF0097B594 /* Sources */,
				11FACFA72BC6A7BF0097B594 /* Frameworks */,
				11FACFA82BC6A7BF0097B594 /* Resources */,
			);
			buildRules = (
			);
			dependencies = (
			);
			name = "Awesome Video Call";
			packageProductDependencies = (
				11FACFC22BC6C4590097B594 /* RtcBasic */,
			);
			productName = "Awesome Video Call";
			productReference = 11FACFAA2BC6A7BF0097B594 /* Awesome Video Call.app */;
			productType = "com.apple.product-type.application";
		};
/* End PBXNativeTarget section */

/* Begin PBXProject section */
		11FACFA22BC6A7BF0097B594 /* Project object */ = {
			isa = PBXProject;
			attributes = {
				BuildIndependentTargetsInParallel = 1;
				LastSwiftUpdateCheck = 1530;
				LastUpgradeCheck = 1530;
				TargetAttributes = {
					11FACFA92BC6A7BF0097B594 = {
						CreatedOnToolsVersion = 15.3;
					};
				};
			};
			buildConfigurationList = 11FACFA52BC6A7BF0097B594 /* Build configuration list for PBXProject "Awesome Video Call" */;
			compatibilityVersion = "Xcode 14.0";
			developmentRegion = en;
			hasScannedForEncodings = 0;
			knownRegions = (
				en,
				Base,
			);
			mainGroup = 11FACFA12BC6A7BF0097B594;
			packageReferences = (
				11FACFC12BC6C4590097B594 /* XCRemoteSwiftPackageReference "AgoraRtcEngine_iOS" */,
			);
			productRefGroup = 11FACFAB2BC6A7BF0097B594 /* Products */;
			projectDirPath = "";
			projectRoot = "";
			targets = (
				11FACFA92BC6A7BF0097B594 /* Awesome Video Call */,
			);
		};
/* End PBXProject section */

/* Begin PBXResourcesBuildPhase section */
		11FACFA82BC6A7BF0097B594 /* Resources */ = {
			isa = PBXResourcesBuildPhase;
			buildActionMask = 2147483647;
			files = (
				11FACFB72BC6A7C00097B594 /* Assets.xcassets in Resources */,
				11FACFBA2BC6A7C00097B594 /* Base in Resources */,
			);
			runOnlyForDeploymentPostprocessing = 0;
		};
/* End PBXResourcesBuildPhase section */

/* Begin PBXSourcesBuildPhase section */
		11FACFA62BC6A7BF0097B594 /* Sources */ = {
			isa = PBXSourcesBuildPhase;
			buildActionMask = 2147483647;
			files = (
				117F0E932BD6B66000DAC890 /* VideoCollectionViewController.swift in Sources */,
				11FACFB22BC6A7BF0097B594 /* VideoCallViewController.swift in Sources */,
				11FACFAE2BC6A7BF0097B594 /* AppDelegate.swift in Sources */,
				11B3D75E2BCED171003D18DF /* JoinChannelViewController.swift in Sources */,
				11B3D75C2BCEC28A003D18DF /* AgoraTokenService.swift in Sources */,
				11FACFB02BC6A7BF0097B594 /* SceneDelegate.swift in Sources */,
				117F0E942BD6B66000DAC890 /* VideoCallCollectionItemCell.swift in Sources */,
			);
			runOnlyForDeploymentPostprocessing = 0;
		};
/* End PBXSourcesBuildPhase section */

/* Begin PBXVariantGroup section */
		11FACFB82BC6A7C00097B594 /* LaunchScreen.storyboard */ = {
			isa = PBXVariantGroup;
			children = (
				11FACFB92BC6A7C00097B594 /* Base */,
			);
			name = LaunchScreen.storyboard;
			sourceTree = "<group>";
		};
/* End PBXVariantGroup section */

/* Begin XCBuildConfiguration section */
		11FACFBC2BC6A7C00097B594 /* Debug */ = {
			isa = XCBuildConfiguration;
			buildSettings = {
				ALWAYS_SEARCH_USER_PATHS = NO;
				ASSETCATALOG_COMPILER_GENERATE_SWIFT_ASSET_SYMBOL_EXTENSIONS = YES;
				CLANG_ANALYZER_NONNULL = YES;
				CLANG_ANALYZER_NUMBER_OBJECT_CONVERSION = YES_AGGRESSIVE;
				CLANG_CXX_LANGUAGE_STANDARD = "gnu++20";
				CLANG_ENABLE_MODULES = YES;
				CLANG_ENABLE_OBJC_ARC = YES;
				CLANG_ENABLE_OBJC_WEAK = YES;
				CLANG_WARN_BLOCK_CAPTURE_AUTORELEASING = YES;
				CLANG_WARN_BOOL_CONVERSION = YES;
				CLANG_WARN_COMMA = YES;
				CLANG_WARN_CONSTANT_CONVERSION = YES;
				CLANG_WARN_DEPRECATED_OBJC_IMPLEMENTATIONS = YES;
				CLANG_WARN_DIRECT_OBJC_ISA_USAGE = YES_ERROR;
				CLANG_WARN_DOCUMENTATION_COMMENTS = YES;
				CLANG_WARN_EMPTY_BODY = YES;
				CLANG_WARN_ENUM_CONVERSION = YES;
				CLANG_WARN_INFINITE_RECURSION = YES;
				CLANG_WARN_INT_CONVERSION = YES;
				CLANG_WARN_NON_LITERAL_NULL_CONVERSION = YES;
				CLANG_WARN_OBJC_IMPLICIT_RETAIN_SELF = YES;
				CLANG_WARN_OBJC_LITERAL_CONVERSION = YES;
				CLANG_WARN_OBJC_ROOT_CLASS = YES_ERROR;
				CLANG_WARN_QUOTED_INCLUDE_IN_FRAMEWORK_HEADER = YES;
				CLANG_WARN_RANGE_LOOP_ANALYSIS = YES;
				CLANG_WARN_STRICT_PROTOTYPES = YES;
				CLANG_WARN_SUSPICIOUS_MOVE = YES;
				CLANG_WARN_UNGUARDED_AVAILABILITY = YES_AGGRESSIVE;
				CLANG_WARN_UNREACHABLE_CODE = YES;
				CLANG_WARN__DUPLICATE_METHOD_MATCH = YES;
				COPY_PHASE_STRIP = NO;
				DEBUG_INFORMATION_FORMAT = dwarf;
				ENABLE_STRICT_OBJC_MSGSEND = YES;
				ENABLE_TESTABILITY = YES;
				ENABLE_USER_SCRIPT_SANDBOXING = YES;
				GCC_C_LANGUAGE_STANDARD = gnu17;
				GCC_DYNAMIC_NO_PIC = NO;
				GCC_NO_COMMON_BLOCKS = YES;
				GCC_OPTIMIZATION_LEVEL = 0;
				GCC_PREPROCESSOR_DEFINITIONS = (
					"DEBUG=1",
					"$(inherited)",
				);
				GCC_WARN_64_TO_32_BIT_CONVERSION = YES;
				GCC_WARN_ABOUT_RETURN_TYPE = YES_ERROR;
				GCC_WARN_UNDECLARED_SELECTOR = YES;
				GCC_WARN_UNINITIALIZED_AUTOS = YES_AGGRESSIVE;
				GCC_WARN_UNUSED_FUNCTION = YES;
				GCC_WARN_UNUSED_VARIABLE = YES;
				IPHONEOS_DEPLOYMENT_TARGET = 17.0;
				LOCALIZATION_PREFERS_STRING_CATALOGS = YES;
				MTL_ENABLE_DEBUG_INFO = INCLUDE_SOURCE;
				MTL_FAST_MATH = YES;
				ONLY_ACTIVE_ARCH = YES;
				SDKROOT = iphoneos;
				SWIFT_ACTIVE_COMPILATION_CONDITIONS = "DEBUG $(inherited)";
				SWIFT_OPTIMIZATION_LEVEL = "-Onone";
			};
			name = Debug;
		};
		11FACFBD2BC6A7C00097B594 /* Release */ = {
			isa = XCBuildConfiguration;
			buildSettings = {
				ALWAYS_SEARCH_USER_PATHS = NO;
				ASSETCATALOG_COMPILER_GENERATE_SWIFT_ASSET_SYMBOL_EXTENSIONS = YES;
				CLANG_ANALYZER_NONNULL = YES;
				CLANG_ANALYZER_NUMBER_OBJECT_CONVERSION = YES_AGGRESSIVE;
				CLANG_CXX_LANGUAGE_STANDARD = "gnu++20";
				CLANG_ENABLE_MODULES = YES;
				CLANG_ENABLE_OBJC_ARC = YES;
				CLANG_ENABLE_OBJC_WEAK = YES;
				CLANG_WARN_BLOCK_CAPTURE_AUTORELEASING = YES;
				CLANG_WARN_BOOL_CONVERSION = YES;
				CLANG_WARN_COMMA = YES;
				CLANG_WARN_CONSTANT_CONVERSION = YES;
				CLANG_WARN_DEPRECATED_OBJC_IMPLEMENTATIONS = YES;
				CLANG_WARN_DIRECT_OBJC_ISA_USAGE = YES_ERROR;
				CLANG_WARN_DOCUMENTATION_COMMENTS = YES;
				CLANG_WARN_EMPTY_BODY = YES;
				CLANG_WARN_ENUM_CONVERSION = YES;
				CLANG_WARN_INFINITE_RECURSION = YES;
				CLANG_WARN_INT_CONVERSION = YES;
				CLANG_WARN_NON_LITERAL_NULL_CONVERSION = YES;
				CLANG_WARN_OBJC_IMPLICIT_RETAIN_SELF = YES;
				CLANG_WARN_OBJC_LITERAL_CONVERSION = YES;
				CLANG_WARN_OBJC_ROOT_CLASS = YES_ERROR;
				CLANG_WARN_QUOTED_INCLUDE_IN_FRAMEWORK_HEADER = YES;
				CLANG_WARN_RANGE_LOOP_ANALYSIS = YES;
				CLANG_WARN_STRICT_PROTOTYPES = YES;
				CLANG_WARN_SUSPICIOUS_MOVE = YES;
				CLANG_WARN_UNGUARDED_AVAILABILITY = YES_AGGRESSIVE;
				CLANG_WARN_UNREACHABLE_CODE = YES;
				CLANG_WARN__DUPLICATE_METHOD_MATCH = YES;
				COPY_PHASE_STRIP = NO;
				DEBUG_INFORMATION_FORMAT = "dwarf-with-dsym";
				ENABLE_NS_ASSERTIONS = NO;
				ENABLE_STRICT_OBJC_MSGSEND = YES;
				ENABLE_USER_SCRIPT_SANDBOXING = YES;
				GCC_C_LANGUAGE_STANDARD = gnu17;
				GCC_NO_COMMON_BLOCKS = YES;
				GCC_WARN_64_TO_32_BIT_CONVERSION = YES;
				GCC_WARN_ABOUT_RETURN_TYPE = YES_ERROR;
				GCC_WARN_UNDECLARED_SELECTOR = YES;
				GCC_WARN_UNINITIALIZED_AUTOS = YES_AGGRESSIVE;
				GCC_WARN_UNUSED_FUNCTION = YES;
				GCC_WARN_UNUSED_VARIABLE = YES;
				IPHONEOS_DEPLOYMENT_TARGET = 17.0;
				LOCALIZATION_PREFERS_STRING_CATALOGS = YES;
				MTL_ENABLE_DEBUG_INFO = NO;
				MTL_FAST_MATH = YES;
				SDKROOT = iphoneos;
				SWIFT_COMPILATION_MODE = wholemodule;
				VALIDATE_PRODUCT = YES;
			};
			name = Release;
		};
		11FACFBF2BC6A7C00097B594 /* Debug */ = {
			isa = XCBuildConfiguration;
			buildSettings = {
				ASSETCATALOG_COMPILER_APPICON_NAME = AppIcon;
				ASSETCATALOG_COMPILER_GLOBAL_ACCENT_COLOR_NAME = AccentColor;
				CODE_SIGN_STYLE = Automatic;
				CURRENT_PROJECT_VERSION = 1;
				DEVELOPMENT_TEAM = G6TTA6H999;
				GENERATE_INFOPLIST_FILE = YES;
				INFOPLIST_FILE = "Awesome Video Call/Info.plist";
				INFOPLIST_KEY_UIApplicationSupportsIndirectInputEvents = YES;
				INFOPLIST_KEY_UILaunchStoryboardName = LaunchScreen;
				INFOPLIST_KEY_UISupportedInterfaceOrientations_iPad = "UIInterfaceOrientationPortrait UIInterfaceOrientationPortraitUpsideDown UIInterfaceOrientationLandscapeLeft UIInterfaceOrientationLandscapeRight";
				INFOPLIST_KEY_UISupportedInterfaceOrientations_iPhone = "UIInterfaceOrientationPortrait UIInterfaceOrientationLandscapeLeft UIInterfaceOrientationLandscapeRight";
				IPHONEOS_DEPLOYMENT_TARGET = 17.0;
				LD_RUNPATH_SEARCH_PATHS = (
					"$(inherited)",
					"@executable_path/Frameworks",
				);
				MARKETING_VERSION = 1.0;
				PRODUCT_BUNDLE_IDENTIFIER = "com.awesomecompany.Awesome-Video-Call";
				PRODUCT_NAME = "$(TARGET_NAME)";
				SWIFT_EMIT_LOC_STRINGS = YES;
				SWIFT_VERSION = 5.0;
				TARGETED_DEVICE_FAMILY = "1,2";
			};
			name = Debug;
		};
		11FACFC02BC6A7C00097B594 /* Release */ = {
			isa = XCBuildConfiguration;
			buildSettings = {
				ASSETCATALOG_COMPILER_APPICON_NAME = AppIcon;
				ASSETCATALOG_COMPILER_GLOBAL_ACCENT_COLOR_NAME = AccentColor;
				CODE_SIGN_STYLE = Automatic;
				CURRENT_PROJECT_VERSION = 1;
				DEVELOPMENT_TEAM = G6TTA6H999;
				GENERATE_INFOPLIST_FILE = YES;
				INFOPLIST_FILE = "Awesome Video Call/Info.plist";
				INFOPLIST_KEY_UIApplicationSupportsIndirectInputEvents = YES;
				INFOPLIST_KEY_UILaunchStoryboardName = LaunchScreen;
				INFOPLIST_KEY_UISupportedInterfaceOrientations_iPad = "UIInterfaceOrientationPortrait UIInterfaceOrientationPortraitUpsideDown UIInterfaceOrientationLandscapeLeft UIInterfaceOrientationLandscapeRight";
				INFOPLIST_KEY_UISupportedInterfaceOrientations_iPhone = "UIInterfaceOrientationPortrait UIInterfaceOrientationLandscapeLeft UIInterfaceOrientationLandscapeRight";
				IPHONEOS_DEPLOYMENT_TARGET = 17.0;
				LD_RUNPATH_SEARCH_PATHS = (
					"$(inherited)",
					"@executable_path/Frameworks",
				);
				MARKETING_VERSION = 1.0;
				PRODUCT_BUNDLE_IDENTIFIER = "com.awesomecompany.Awesome-Video-Call";
				PRODUCT_NAME = "$(TARGET_NAME)";
				SWIFT_EMIT_LOC_STRINGS = YES;
				SWIFT_VERSION = 5.0;
				TARGETED_DEVICE_FAMILY = "1,2";
			};
			name = Release;
		};
/* End XCBuildConfiguration section */

/* Begin XCConfigurationList section */
		11FACFA52BC6A7BF0097B594 /* Build configuration list for PBXProject "Awesome Video Call" */ = {
			isa = XCConfigurationList;
			buildConfigurations = (
				11FACFBC2BC6A7C00097B594 /* Debug */,
				11FACFBD2BC6A7C00097B594 /* Release */,
			);
			defaultConfigurationIsVisible = 0;
			defaultConfigurationName = Release;
		};
		11FACFBE2BC6A7C00097B594 /* Build configuration list for PBXNativeTarget "Awesome Video Call" */ = {
			isa = XCConfigurationList;
			buildConfigurations = (
				11FACFBF2BC6A7C00097B594 /* Debug */,
				11FACFC02BC6A7C00097B594 /* Release */,
			);
			defaultConfigurationIsVisible = 0;
			defaultConfigurationName = Release;
		};
/* End XCConfigurationList section */

/* Begin XCRemoteSwiftPackageReference section */
		11FACFC12BC6C4590097B594 /* XCRemoteSwiftPackageReference "AgoraRtcEngine_iOS" */ = {
			isa = XCRemoteSwiftPackageReference;
			repositoryURL = "https://github.com/AgoraIO/AgoraRtcEngine_iOS.git";
			requirement = {
				kind = upToNextMajorVersion;
				minimumVersion = 4.3.0;
			};
		};
/* End XCRemoteSwiftPackageReference section */

/* Begin XCSwiftPackageProductDependency section */
		11FACFC22BC6C4590097B594 /* RtcBasic */ = {
			isa = XCSwiftPackageProductDependency;
			package = 11FACFC12BC6C4590097B594 /* XCRemoteSwiftPackageReference "AgoraRtcEngine_iOS" */;
			productName = RtcBasic;
		};
/* End XCSwiftPackageProductDependency section */
	};
	rootObject = 11FACFA22BC6A7BF0097B594 /* Project object */;
}
